
Microsoft Visual Studio Solution File, Format Version 12.00
# Visual Studio Version 17
VisualStudioVersion = 17.6.33829.357
MinimumVisualStudioVersion = 10.0.40219.1
Project("{888888A0-9F3D-457C-B088-3A5042F75D52}") = "作業三", "作業三\作業三.pyproj", "{AE217068-20A9-48A7-B011-3E98AC186E05}"
EndProject
Global
	GlobalSection(SolutionConfigurationPlatforms) = preSolution
		Debug|Any CPU = Debug|Any CPU
		Release|Any CPU = Release|Any CPU
	EndGlobalSection
	GlobalSection(ProjectConfigurationPlatforms) = postSolution
		{AE217068-20A9-48A7-B011-3E98AC186E05}.Debug|Any CPU.ActiveCfg = Debug|Any CPU
		{AE217068-20A9-48A7-B011-3E98AC186E05}.Release|Any CPU.ActiveCfg = Release|Any CPU
	EndGlobalSection
	GlobalSection(SolutionProperties) = preSolution
		HideSolutionNode = FALSE
	EndGlobalSection
	GlobalSection(ExtensibilityGlobals) = postSolution
		SolutionGuid = {03BA8130-3978-4E22-B2DF-A9FB0C3C643E}
	EndGlobalSection
EndGlobal
