
Microsoft Visual Studio Solution File, Format Version 12.00
# Visual Studio Version 17
VisualStudioVersion = 17.6.33829.357
MinimumVisualStudioVersion = 10.0.40219.1
Project("{888888A0-9F3D-457C-B088-3A5042F75D52}") = "作業二", "作業二\作業二.pyproj", "{5E2026C8-9A6C-48BA-ADE0-074528C704D1}"
EndProject
Global
	GlobalSection(SolutionConfigurationPlatforms) = preSolution
		Debug|Any CPU = Debug|Any CPU
		Release|Any CPU = Release|Any CPU
	EndGlobalSection
	GlobalSection(ProjectConfigurationPlatforms) = postSolution
		{5E2026C8-9A6C-48BA-ADE0-074528C704D1}.Debug|Any CPU.ActiveCfg = Debug|Any CPU
		{5E2026C8-9A6C-48BA-ADE0-074528C704D1}.Release|Any CPU.ActiveCfg = Release|Any CPU
	EndGlobalSection
	GlobalSection(SolutionProperties) = preSolution
		HideSolutionNode = FALSE
	EndGlobalSection
	GlobalSection(ExtensibilityGlobals) = postSolution
		SolutionGuid = {643D8D64-9D0B-4CE5-AA34-92815099302E}
	EndGlobalSection
EndGlobal
